
Microsoft Visual Studio Solution File, Format Version 12.00
# Visual Studio Version 17
VisualStudioVersion = 17.11.35208.52
MinimumVisualStudioVersion = 10.0.40219.1
Project("{FAE04EC0-301F-11D3-BF4B-00C04F79EFBC}") = "StickyNotes", "StickyNotes.csproj", "{F5276132-43B2-439B-82A8-CD1C44BFB7A7}"
EndProject
Global
	GlobalSection(SolutionConfigurationPlatforms) = preSolution
		Debug|Any CPU = Debug|Any CPU
		Release|Any CPU = Release|Any CPU
	EndGlobalSection
	GlobalSection(ProjectConfigurationPlatforms) = postSolution
		{F5276132-43B2-439B-82A8-CD1C44BFB7A7}.Debug|Any CPU.ActiveCfg = Debug|Any CPU
		{F5276132-43B2-439B-82A8-CD1C44BFB7A7}.Debug|Any CPU.Build.0 = Debug|Any CPU
		{F5276132-43B2-439B-82A8-CD1C44BFB7A7}.Release|Any CPU.ActiveCfg = Release|Any CPU
		{F5276132-43B2-439B-82A8-CD1C44BFB7A7}.Release|Any CPU.Build.0 = Release|Any CPU
	EndGlobalSection
	GlobalSection(SolutionProperties) = preSolution
		HideSolutionNode = FALSE
	EndGlobalSection
	GlobalSection(ExtensibilityGlobals) = postSolution
		SolutionGuid = {1EBA362C-6F96-4A0F-BFE5-1EED322C7CC3}
	EndGlobalSection
EndGlobal
